
Microsoft Visual Studio Solution File, Format Version 12.00
# Visual Studio Version 17
VisualStudioVersion = 17.7.34031.279
MinimumVisualStudioVersion = 10.0.40219.1
Project("{9A19103F-16F7-4668-BE54-9A1E7A4F7556}") = "1-PrimeiroProjeto", "1-PrimeiroProjeto\1-PrimeiroProjeto.csproj", "{102E95C8-E697-41CA-846F-805EFBB31A0E}"
EndProject
Project("{9A19103F-16F7-4668-BE54-9A1E7A4F7556}") = "2-criandoVariaveis", "2-criandoVariaveis\2-criandoVariaveis.csproj", "{C857D75E-500B-485A-BD2D-2F92E4AA0F79}"
EndProject
Project("{9A19103F-16F7-4668-BE54-9A1E7A4F7556}") = "condicionais", "condicionais\condicionais.csproj", "{937CDFE3-9CC9-48E6-897B-BCA91053A128}"
EndProject
Project("{9A19103F-16F7-4668-BE54-9A1E7A4F7556}") = "Array", "Collections\Array.csproj", "{3D095D02-FD47-49DD-A7E3-99E199D02260}"
EndProject
Project("{9A19103F-16F7-4668-BE54-9A1E7A4F7556}") = "Lista", "Lista\Lista.csproj", "{83430B9A-151B-46CA-8275-E84BB10A8273}"
EndProject
Project("{9A19103F-16F7-4668-BE54-9A1E7A4F7556}") = "ListaDeObjetos", "ListaDeObjetos\ListaDeObjetos.csproj", "{49D0672F-A44A-4146-A098-2B6556021B9E}"
EndProject
Project("{9A19103F-16F7-4668-BE54-9A1E7A4F7556}") = "ListaSomenteLeitura", "ListaSomenteLeitura\ListaSomenteLeitura.csproj", "{B4316A94-773E-484F-B86B-49882CA5692A}"
EndProject
Project("{9A19103F-16F7-4668-BE54-9A1E7A4F7556}") = "Conjuntos", "Conjuntos\Conjuntos.csproj", "{71144BDE-0F59-4D94-B01B-CFBBFFA0A4BC}"
EndProject
Project("{9A19103F-16F7-4668-BE54-9A1E7A4F7556}") = "SetNoModelo", "SetNoModelo\SetNoModelo.csproj", "{F6E34650-E67D-45CA-9D18-D7AB6635E80B}"
EndProject
Project("{9A19103F-16F7-4668-BE54-9A1E7A4F7556}") = "LinkedList", "LinkedList\LinkedList.csproj", "{5BA54D3C-1C18-43B0-BB24-8E7435176B77}"
EndProject
Project("{9A19103F-16F7-4668-BE54-9A1E7A4F7556}") = "Stack", "Stack\Stack.csproj", "{2E6C1F57-9560-47D9-AB74-3A6E41BD7E64}"
EndProject
Project("{9A19103F-16F7-4668-BE54-9A1E7A4F7556}") = "Queue", "Queue\Queue.csproj", "{55EADBDB-9191-44F7-AB31-840A375E07FA}"
EndProject
Project("{9A19103F-16F7-4668-BE54-9A1E7A4F7556}") = "SortedList", "SortedList\SortedList.csproj", "{C57ED62E-B78A-496E-A155-130D790FF5F9}"
EndProject
Project("{9A19103F-16F7-4668-BE54-9A1E7A4F7556}") = "SortedDictionary", "SortedDictionary\SortedDictionary.csproj", "{914247A2-B490-4DEF-B022-2A34023DD73A}"
EndProject
Project("{9A19103F-16F7-4668-BE54-9A1E7A4F7556}") = "SortedSet", "SortedSet\SortedSet.csproj", "{2A378916-4C4D-490C-93B1-4A2573C5C19C}"
EndProject
Project("{9A19103F-16F7-4668-BE54-9A1E7A4F7556}") = "ArraysMultidimencionais", "ArraysMultidimencionais\ArraysMultidimencionais.csproj", "{78CDCC1A-CA6C-4E3D-A2DB-E5B2C3DAD61A}"
EndProject
Project("{9A19103F-16F7-4668-BE54-9A1E7A4F7556}") = "JaggedArrays", "JaggedArrays\JaggedArrays.csproj", "{33A3B184-E4E6-4039-90E2-D6CDF6F6A5AD}"
EndProject
Project("{9A19103F-16F7-4668-BE54-9A1E7A4F7556}") = "ConsultandoCollections", "ConsultandoCollections\ConsultandoCollections.csproj", "{739A1A93-41BA-419F-8B54-43F220F61119}"
EndProject
Project("{9A19103F-16F7-4668-BE54-9A1E7A4F7556}") = "OperadoresLINQ", "OperadoresLINQ\OperadoresLINQ.csproj", "{FB7E09E9-761C-425F-8CED-D07BFF90D292}"
EndProject
Project("{9A19103F-16F7-4668-BE54-9A1E7A4F7556}") = "OperadoresDeConjuntos", "OperadoresDeConjuntos\OperadoresDeConjuntos.csproj", "{657148A8-5753-40D1-AFC7-1F2D46401C5F}"
EndProject
Project("{FAE04EC0-301F-11D3-BF4B-00C04F79EFBC}") = "Covariancia", "Covariancia\Covariancia.csproj", "{3AB4C8D8-1C0A-43BC-BCF7-3CA519C27234}"
EndProject
Project("{FAE04EC0-301F-11D3-BF4B-00C04F79EFBC}") = "ForEach", "ForEach\ForEach.csproj", "{E2A7B1A9-4B21-4E19-9CF8-AC66447A90AF}"
EndProject
Global
	GlobalSection(SolutionConfigurationPlatforms) = preSolution
		Debug|Any CPU = Debug|Any CPU
		Release|Any CPU = Release|Any CPU
	EndGlobalSection
	GlobalSection(ProjectConfigurationPlatforms) = postSolution
		{102E95C8-E697-41CA-846F-805EFBB31A0E}.Debug|Any CPU.ActiveCfg = Debug|Any CPU
		{102E95C8-E697-41CA-846F-805EFBB31A0E}.Debug|Any CPU.Build.0 = Debug|Any CPU
		{102E95C8-E697-41CA-846F-805EFBB31A0E}.Release|Any CPU.ActiveCfg = Release|Any CPU
		{102E95C8-E697-41CA-846F-805EFBB31A0E}.Release|Any CPU.Build.0 = Release|Any CPU
		{C857D75E-500B-485A-BD2D-2F92E4AA0F79}.Debug|Any CPU.ActiveCfg = Debug|Any CPU
		{C857D75E-500B-485A-BD2D-2F92E4AA0F79}.Debug|Any CPU.Build.0 = Debug|Any CPU
		{C857D75E-500B-485A-BD2D-2F92E4AA0F79}.Release|Any CPU.ActiveCfg = Release|Any CPU
		{C857D75E-500B-485A-BD2D-2F92E4AA0F79}.Release|Any CPU.Build.0 = Release|Any CPU
		{937CDFE3-9CC9-48E6-897B-BCA91053A128}.Debug|Any CPU.ActiveCfg = Debug|Any CPU
		{937CDFE3-9CC9-48E6-897B-BCA91053A128}.Debug|Any CPU.Build.0 = Debug|Any CPU
		{937CDFE3-9CC9-48E6-897B-BCA91053A128}.Release|Any CPU.ActiveCfg = Release|Any CPU
		{937CDFE3-9CC9-48E6-897B-BCA91053A128}.Release|Any CPU.Build.0 = Release|Any CPU
		{3D095D02-FD47-49DD-A7E3-99E199D02260}.Debug|Any CPU.ActiveCfg = Debug|Any CPU
		{3D095D02-FD47-49DD-A7E3-99E199D02260}.Debug|Any CPU.Build.0 = Debug|Any CPU
		{3D095D02-FD47-49DD-A7E3-99E199D02260}.Release|Any CPU.ActiveCfg = Release|Any CPU
		{3D095D02-FD47-49DD-A7E3-99E199D02260}.Release|Any CPU.Build.0 = Release|Any CPU
		{83430B9A-151B-46CA-8275-E84BB10A8273}.Debug|Any CPU.ActiveCfg = Debug|Any CPU
		{83430B9A-151B-46CA-8275-E84BB10A8273}.Debug|Any CPU.Build.0 = Debug|Any CPU
		{83430B9A-151B-46CA-8275-E84BB10A8273}.Release|Any CPU.ActiveCfg = Release|Any CPU
		{83430B9A-151B-46CA-8275-E84BB10A8273}.Release|Any CPU.Build.0 = Release|Any CPU
		{49D0672F-A44A-4146-A098-2B6556021B9E}.Debug|Any CPU.ActiveCfg = Debug|Any CPU
		{49D0672F-A44A-4146-A098-2B6556021B9E}.Debug|Any CPU.Build.0 = Debug|Any CPU
		{49D0672F-A44A-4146-A098-2B6556021B9E}.Release|Any CPU.ActiveCfg = Release|Any CPU
		{49D0672F-A44A-4146-A098-2B6556021B9E}.Release|Any CPU.Build.0 = Release|Any CPU
		{B4316A94-773E-484F-B86B-49882CA5692A}.Debug|Any CPU.ActiveCfg = Debug|Any CPU
		{B4316A94-773E-484F-B86B-49882CA5692A}.Debug|Any CPU.Build.0 = Debug|Any CPU
		{B4316A94-773E-484F-B86B-49882CA5692A}.Release|Any CPU.ActiveCfg = Release|Any CPU
		{B4316A94-773E-484F-B86B-49882CA5692A}.Release|Any CPU.Build.0 = Release|Any CPU
		{71144BDE-0F59-4D94-B01B-CFBBFFA0A4BC}.Debug|Any CPU.ActiveCfg = Debug|Any CPU
		{71144BDE-0F59-4D94-B01B-CFBBFFA0A4BC}.Debug|Any CPU.Build.0 = Debug|Any CPU
		{71144BDE-0F59-4D94-B01B-CFBBFFA0A4BC}.Release|Any CPU.ActiveCfg = Release|Any CPU
		{71144BDE-0F59-4D94-B01B-CFBBFFA0A4BC}.Release|Any CPU.Build.0 = Release|Any CPU
		{F6E34650-E67D-45CA-9D18-D7AB6635E80B}.Debug|Any CPU.ActiveCfg = Debug|Any CPU
		{F6E34650-E67D-45CA-9D18-D7AB6635E80B}.Debug|Any CPU.Build.0 = Debug|Any CPU
		{F6E34650-E67D-45CA-9D18-D7AB6635E80B}.Release|Any CPU.ActiveCfg = Release|Any CPU
		{F6E34650-E67D-45CA-9D18-D7AB6635E80B}.Release|Any CPU.Build.0 = Release|Any CPU
		{5BA54D3C-1C18-43B0-BB24-8E7435176B77}.Debug|Any CPU.ActiveCfg = Debug|Any CPU
		{5BA54D3C-1C18-43B0-BB24-8E7435176B77}.Debug|Any CPU.Build.0 = Debug|Any CPU
		{5BA54D3C-1C18-43B0-BB24-8E7435176B77}.Release|Any CPU.ActiveCfg = Release|Any CPU
		{5BA54D3C-1C18-43B0-BB24-8E7435176B77}.Release|Any CPU.Build.0 = Release|Any CPU
		{2E6C1F57-9560-47D9-AB74-3A6E41BD7E64}.Debug|Any CPU.ActiveCfg = Debug|Any CPU
		{2E6C1F57-9560-47D9-AB74-3A6E41BD7E64}.Debug|Any CPU.Build.0 = Debug|Any CPU
		{2E6C1F57-9560-47D9-AB74-3A6E41BD7E64}.Release|Any CPU.ActiveCfg = Release|Any CPU
		{2E6C1F57-9560-47D9-AB74-3A6E41BD7E64}.Release|Any CPU.Build.0 = Release|Any CPU
		{55EADBDB-9191-44F7-AB31-840A375E07FA}.Debug|Any CPU.ActiveCfg = Debug|Any CPU
		{55EADBDB-9191-44F7-AB31-840A375E07FA}.Debug|Any CPU.Build.0 = Debug|Any CPU
		{55EADBDB-9191-44F7-AB31-840A375E07FA}.Release|Any CPU.ActiveCfg = Release|Any CPU
		{55EADBDB-9191-44F7-AB31-840A375E07FA}.Release|Any CPU.Build.0 = Release|Any CPU
		{C57ED62E-B78A-496E-A155-130D790FF5F9}.Debug|Any CPU.ActiveCfg = Debug|Any CPU
		{C57ED62E-B78A-496E-A155-130D790FF5F9}.Debug|Any CPU.Build.0 = Debug|Any CPU
		{C57ED62E-B78A-496E-A155-130D790FF5F9}.Release|Any CPU.ActiveCfg = Release|Any CPU
		{C57ED62E-B78A-496E-A155-130D790FF5F9}.Release|Any CPU.Build.0 = Release|Any CPU
		{914247A2-B490-4DEF-B022-2A34023DD73A}.Debug|Any CPU.ActiveCfg = Debug|Any CPU
		{914247A2-B490-4DEF-B022-2A34023DD73A}.Debug|Any CPU.Build.0 = Debug|Any CPU
		{914247A2-B490-4DEF-B022-2A34023DD73A}.Release|Any CPU.ActiveCfg = Release|Any CPU
		{914247A2-B490-4DEF-B022-2A34023DD73A}.Release|Any CPU.Build.0 = Release|Any CPU
		{2A378916-4C4D-490C-93B1-4A2573C5C19C}.Debug|Any CPU.ActiveCfg = Debug|Any CPU
		{2A378916-4C4D-490C-93B1-4A2573C5C19C}.Debug|Any CPU.Build.0 = Debug|Any CPU
		{2A378916-4C4D-490C-93B1-4A2573C5C19C}.Release|Any CPU.ActiveCfg = Release|Any CPU
		{2A378916-4C4D-490C-93B1-4A2573C5C19C}.Release|Any CPU.Build.0 = Release|Any CPU
		{78CDCC1A-CA6C-4E3D-A2DB-E5B2C3DAD61A}.Debug|Any CPU.ActiveCfg = Debug|Any CPU
		{78CDCC1A-CA6C-4E3D-A2DB-E5B2C3DAD61A}.Debug|Any CPU.Build.0 = Debug|Any CPU
		{78CDCC1A-CA6C-4E3D-A2DB-E5B2C3DAD61A}.Release|Any CPU.ActiveCfg = Release|Any CPU
		{78CDCC1A-CA6C-4E3D-A2DB-E5B2C3DAD61A}.Release|Any CPU.Build.0 = Release|Any CPU
		{33A3B184-E4E6-4039-90E2-D6CDF6F6A5AD}.Debug|Any CPU.ActiveCfg = Debug|Any CPU
		{33A3B184-E4E6-4039-90E2-D6CDF6F6A5AD}.Debug|Any CPU.Build.0 = Debug|Any CPU
		{33A3B184-E4E6-4039-90E2-D6CDF6F6A5AD}.Release|Any CPU.ActiveCfg = Release|Any CPU
		{33A3B184-E4E6-4039-90E2-D6CDF6F6A5AD}.Release|Any CPU.Build.0 = Release|Any CPU
		{739A1A93-41BA-419F-8B54-43F220F61119}.Debug|Any CPU.ActiveCfg = Debug|Any CPU
		{739A1A93-41BA-419F-8B54-43F220F61119}.Debug|Any CPU.Build.0 = Debug|Any CPU
		{739A1A93-41BA-419F-8B54-43F220F61119}.Release|Any CPU.ActiveCfg = Release|Any CPU
		{739A1A93-41BA-419F-8B54-43F220F61119}.Release|Any CPU.Build.0 = Release|Any CPU
		{FB7E09E9-761C-425F-8CED-D07BFF90D292}.Debug|Any CPU.ActiveCfg = Debug|Any CPU
		{FB7E09E9-761C-425F-8CED-D07BFF90D292}.Debug|Any CPU.Build.0 = Debug|Any CPU
		{FB7E09E9-761C-425F-8CED-D07BFF90D292}.Release|Any CPU.ActiveCfg = Release|Any CPU
		{FB7E09E9-761C-425F-8CED-D07BFF90D292}.Release|Any CPU.Build.0 = Release|Any CPU
		{657148A8-5753-40D1-AFC7-1F2D46401C5F}.Debug|Any CPU.ActiveCfg = Debug|Any CPU
		{657148A8-5753-40D1-AFC7-1F2D46401C5F}.Debug|Any CPU.Build.0 = Debug|Any CPU
		{657148A8-5753-40D1-AFC7-1F2D46401C5F}.Release|Any CPU.ActiveCfg = Release|Any CPU
		{657148A8-5753-40D1-AFC7-1F2D46401C5F}.Release|Any CPU.Build.0 = Release|Any CPU
		{3AB4C8D8-1C0A-43BC-BCF7-3CA519C27234}.Debug|Any CPU.ActiveCfg = Debug|Any CPU
		{3AB4C8D8-1C0A-43BC-BCF7-3CA519C27234}.Debug|Any CPU.Build.0 = Debug|Any CPU
		{3AB4C8D8-1C0A-43BC-BCF7-3CA519C27234}.Release|Any CPU.ActiveCfg = Release|Any CPU
		{3AB4C8D8-1C0A-43BC-BCF7-3CA519C27234}.Release|Any CPU.Build.0 = Release|Any CPU
		{E2A7B1A9-4B21-4E19-9CF8-AC66447A90AF}.Debug|Any CPU.ActiveCfg = Debug|Any CPU
		{E2A7B1A9-4B21-4E19-9CF8-AC66447A90AF}.Debug|Any CPU.Build.0 = Debug|Any CPU
		{E2A7B1A9-4B21-4E19-9CF8-AC66447A90AF}.Release|Any CPU.ActiveCfg = Release|Any CPU
		{E2A7B1A9-4B21-4E19-9CF8-AC66447A90AF}.Release|Any CPU.Build.0 = Release|Any CPU
	EndGlobalSection
	GlobalSection(SolutionProperties) = preSolution
		HideSolutionNode = FALSE
	EndGlobalSection
	GlobalSection(ExtensibilityGlobals) = postSolution
		SolutionGuid = {6CC1D2A4-7989-48FF-8548-1648F98144EE}
	EndGlobalSection
EndGlobal
